{
  "name": "bunnydns-runtime",
  "version": "0.7.0",
  "lockfileVersion": 3,
  "requires": true,
  "packages": {
    "": {
      "name": "bunnydns-runtime",
      "version": "0.7.0",
      "dependencies": {
        "@bunny.net/openapi-client": "0.3.0"
      },
      "engines": {
        "node": ">=18"
      }
    },
    "node_modules/@bunny.net/openapi-client": {
      "version": "0.3.0",
      "resolved": "https://registry.npmjs.org/@bunny.net/openapi-client/-/openapi-client-0.3.0.tgz",
      "integrity": "sha512-O/Cc8Q1KnsVwNEeeUI7MnjPx+GztsRqclvIFQ8FEZLqngw8axBByM7B9xtZ1R7FMsT1O3+otyYA9AF5CaZm4VQ==",
      "license": "MIT",
      "dependencies": {
        "openapi-fetch": "^0.17.0"
      },
      "engines": {
        "node": ">=18"
      }
    },
    "node_modules/openapi-fetch": {
      "version": "0.17.0",
      "resolved": "https://registry.npmjs.org/openapi-fetch/-/openapi-fetch-0.17.0.tgz",
      "integrity": "sha512-PsbZR1wAPcG91eEthKhN+Zn92FMHxv+/faECIwjXdxfTODGSGegYv0sc1Olz+HYPvKOuoXfp+0pA2XVt2cI0Ig==",
      "license": "MIT",
      "dependencies": {
        "openapi-typescript-helpers": "^0.1.0"
      }
    },
    "node_modules/openapi-typescript-helpers": {
      "version": "0.1.0",
      "resolved": "https://registry.npmjs.org/openapi-typescript-helpers/-/openapi-typescript-helpers-0.1.0.tgz",
      "integrity": "sha512-OKTGPthhivLw/fHz6c3OPtg72vi86qaMlqbJuVJ23qOvQ+53uw1n7HdmkJFibloF7QEjDrDkzJiOJuockM/ljw==",
      "license": "MIT"
    }
  }
}
